
Microsoft Visual Studio Solution File, Format Version 12.00
# Visual Studio Version 17
VisualStudioVersion = 17.3.32929.385
MinimumVisualStudioVersion = 10.0.40219.1
Project("{9A19103F-16F7-4668-BE54-9A1E7A4F7556}") = "magnifinance", "magnifinance.csproj", "{6BBC8536-BC93-4BCC-A950-6CEE452EC61B}"
EndProject
Project("{FAE04EC0-301F-11D3-BF4B-00C04F79EFBC}") = "Domain", "..\Domain\Domain.csproj", "{EF89E774-2616-4B96-BF64-73D5F1D5636F}"
EndProject
Project("{FAE04EC0-301F-11D3-BF4B-00C04F79EFBC}") = "Infrastructure", "..\Infrastructure\Infrastructure.csproj", "{544A53F1-7094-4F41-8D18-D6F0C84743AA}"
EndProject
Global
	GlobalSection(SolutionConfigurationPlatforms) = preSolution
		Debug|Any CPU = Debug|Any CPU
		Release|Any CPU = Release|Any CPU
	EndGlobalSection
	GlobalSection(ProjectConfigurationPlatforms) = postSolution
		{6BBC8536-BC93-4BCC-A950-6CEE452EC61B}.Debug|Any CPU.ActiveCfg = Debug|Any CPU
		{6BBC8536-BC93-4BCC-A950-6CEE452EC61B}.Debug|Any CPU.Build.0 = Debug|Any CPU
		{6BBC8536-BC93-4BCC-A950-6CEE452EC61B}.Release|Any CPU.ActiveCfg = Release|Any CPU
		{6BBC8536-BC93-4BCC-A950-6CEE452EC61B}.Release|Any CPU.Build.0 = Release|Any CPU
		{EF89E774-2616-4B96-BF64-73D5F1D5636F}.Debug|Any CPU.ActiveCfg = Debug|Any CPU
		{EF89E774-2616-4B96-BF64-73D5F1D5636F}.Debug|Any CPU.Build.0 = Debug|Any CPU
		{EF89E774-2616-4B96-BF64-73D5F1D5636F}.Release|Any CPU.ActiveCfg = Release|Any CPU
		{EF89E774-2616-4B96-BF64-73D5F1D5636F}.Release|Any CPU.Build.0 = Release|Any CPU
		{544A53F1-7094-4F41-8D18-D6F0C84743AA}.Debug|Any CPU.ActiveCfg = Debug|Any CPU
		{544A53F1-7094-4F41-8D18-D6F0C84743AA}.Debug|Any CPU.Build.0 = Debug|Any CPU
		{544A53F1-7094-4F41-8D18-D6F0C84743AA}.Release|Any CPU.ActiveCfg = Release|Any CPU
		{544A53F1-7094-4F41-8D18-D6F0C84743AA}.Release|Any CPU.Build.0 = Release|Any CPU
	EndGlobalSection
	GlobalSection(SolutionProperties) = preSolution
		HideSolutionNode = FALSE
	EndGlobalSection
	GlobalSection(ExtensibilityGlobals) = postSolution
		SolutionGuid = {22A5B7C7-CEF2-4289-8298-51759637AC39}
	EndGlobalSection
EndGlobal
